Microsoft Visual Studio Solution File, Format Version 12.00
# Visual Studio Version 17
VisualStudioVersion = 17.5.2.0
MinimumVisualStudioVersion = 10.0.40219.1
Project("{FAE04EC0-301F-11D3-BF4B-00C04F79EFBC}") = "ElinSortContainersMod", "ElinSortContainersMod.csproj", "{79A3E01E-AB4F-00B3-1018-E6AE9A6AA4EE}"
EndProject
Global
	GlobalSection(SolutionConfigurationPlatforms) = preSolution
		Debug|Any CPU = Debug|Any CPU
		Release|Any CPU = Release|Any CPU
	EndGlobalSection
	GlobalSection(ProjectConfigurationPlatforms) = postSolution
		{79A3E01E-AB4F-00B3-1018-E6AE9A6AA4EE}.Debug|Any CPU.ActiveCfg = Debug|Any CPU
		{79A3E01E-AB4F-00B3-1018-E6AE9A6AA4EE}.Debug|Any CPU.Build.0 = Debug|Any CPU
		{79A3E01E-AB4F-00B3-1018-E6AE9A6AA4EE}.Release|Any CPU.ActiveCfg = Release|Any CPU
		{79A3E01E-AB4F-00B3-1018-E6AE9A6AA4EE}.Release|Any CPU.Build.0 = Release|Any CPU
	EndGlobalSection
	GlobalSection(SolutionProperties) = preSolution
		HideSolutionNode = FALSE
	EndGlobalSection
	GlobalSection(ExtensibilityGlobals) = postSolution
		SolutionGuid = {D3DC7E6A-7D48-45C2-8863-DAB83BA33761}
	EndGlobalSection
EndGlobal
